# THIS IS AN AUTOGENERATED FILE. DO NOT EDIT THIS FILE DIRECTLY.
# yarn lockfile v1


edgedb@^0.21.1:
  version "0.21.1"
  resolved "https://registry.yarnpkg.com/edgedb/-/edgedb-0.21.1.tgz#4a1b719e6ca8ed29b0921c0ea6fe7cd0ffb9d795"
  integrity sha512-bW6UHyXJ9Rsgm5elC4BDRhBVcATg88IAX9tlfwkqFOGB7MumSbPygImnSd+DOlgmuzL4x6a+m7ckhDRDxNoolg==
